// !$*UTF8*$!
{
	archiveVersion = 1;
	classes = {
	};
	objectVersion = 50;
	objects = {

/* Begin PBXBuildFile section */
		18E96FD622C13D8B00D29DAA /* AppDelegate.swift in Sources */ = {isa = PBXBuildFile; fileRef = 18E96FD522C13D8B00D29DAA /* AppDelegate.swift */; };
		18E96FD822C13D8B00D29DAA /* ViewController.swift in Sources */ = {isa = PBXBuildFile; fileRef = 18E96FD722C13D8B00D29DAA /* ViewController.swift */; };
		18E96FDB22C13D8B00D29DAA /* Main.storyboard in Resources */ = {isa = PBXBuildFile; fileRef = 18E96FD922C13D8B00D29DAA /* Main.storyboard */; };
		18E96FDD22C13D8F00D29DAA /* Assets.xcassets in Resources */ = {isa = PBXBuildFile; fileRef = 18E96FDC22C13D8F00D29DAA /* Assets.xcassets */; };
		18E96FE022C13D8F00D29DAA /* LaunchScreen.storyboard in Resources */ = {isa = PBXBuildFile; fileRef = 18E96FDE22C13D8F00D29DAA /* LaunchScreen.storyboard */; };
		18E96FEB22C13D8F00D29DAA /* cameraPracticeTests.swift in Sources */ = {isa = PBXBuildFile; fileRef = 18E96FEA22C13D8F00D29DAA /* cameraPracticeTests.swift */; };
		18E96FF622C13D8F00D29DAA /* cameraPracticeUITests.swift in Sources */ = {isa = PBXBuildFile; fileRef = 18E96FF522C13D8F00D29DAA /* cameraPracticeUITests.swift */; };
/* End PBXBuildFile section */

/* Begin PBXContainerItemProxy section */
		18E96FE722C13D8F00D29DAA /* PBXContainerItemProxy */ = {
			isa = PBXContainerItemProxy;
			containerPortal = 18E96FCA22C13D8B00D29DAA /* Project object */;
			proxyType = 1;
			remoteGlobalIDString = 18E96FD122C13D8B00D29DAA;
			remoteInfo = cameraPractice;
		};
		18E96FF222C13D8F00D29DAA /* PBXContainerItemProxy */ = {
			isa = PBXContainerItemProxy;
			containerPortal = 18E96FCA22C13D8B00D29DAA /* Project object */;
			proxyType = 1;
			remoteGlobalIDString = 18E96FD122C13D8B00D29DAA;
			remoteInfo = cameraPractice;
		};
/* End PBXContainerItemProxy section */

/* Begin PBXFileReference section */
		18E96FD222C13D8B00D29DAA /* cameraPractice.app */ = {isa = PBXFileReference; explicitFileType = wrapper.application; includeInIndex = 0; path = cameraPractice.app; sourceTree = BUILT_PRODUCTS_DIR; };
		18E96FD522C13D8B00D29DAA /* AppDelegate.swift */ = {isa = PBXFileReference; lastKnownFileType = sourcecode.swift; path = AppDelegate.swift; sourceTree = "<group>"; };
		18E96FD722C13D8B00D29DAA /* ViewController.swift */ = {isa = PBXFileReference; lastKnownFileType = sourcecode.swift; path = ViewController.swift; sourceTree = "<group>"; };
		18E96FDA22C13D8B00D29DAA /* Base */ = {isa = PBXFileReference; lastKnownFileType = file.storyboard; name = Base; path = Base.lproj/Main.storyboard; sourceTree = "<group>"; };
		18E96FDC22C13D8F00D29DAA /* Assets.xcassets */ = {isa = PBXFileReference; lastKnownFileType = folder.assetcatalog; path = Assets.xcassets; sourceTree = "<group>"; };
		18E96FDF22C13D8F00D29DAA /* Base */ = {isa = PBXFileReference; lastKnownFileType = file.storyboard; name = Base; path = Base.lproj/LaunchScreen.storyboard; sourceTree = "<group>"; };
		18E96FE122C13D8F00D29DAA /* Info.plist */ = {isa = PBXFileReference; lastKnownFileType = text.plist.xml; path = Info.plist; sourceTree = "<group>"; };
		18E96FE622C13D8F00D29DAA /* cameraPracticeTests.xctest */ = {isa = PBXFileReference; explicitFileType = wrapper.cfbundle; includeInIndex = 0; path = cameraPracticeTests.xctest; sourceTree = BUILT_PRODUCTS_DIR; };
		18E96FEA22C13D8F00D29DAA /* cameraPracticeTests.swift */ = {isa = PBXFileReference; lastKnownFileType = sourcecode.swift; path = cameraPracticeTests.swift; sourceTree = "<group>"; };
		18E96FEC22C13D8F00D29DAA /* Info.plist */ = {isa = PBXFileReference; lastKnownFileType = text.plist.xml; path = Info.plist; sourceTree = "<group>"; };
		18E96FF122C13D8F00D29DAA /* cameraPracticeUITests.xctest */ = {isa = PBXFileReference; explicitFileType = wrapper.cfbundle; includeInIndex = 0; path = cameraPracticeUITests.xctest; sourceTree = BUILT_PRODUCTS_DIR; };
		18E96FF522C13D8F00D29DAA /* cameraPracticeUITests.swift */ = {isa = PBXFileReference; lastKnownFileType = sourcecode.swift; path = cameraPracticeUITests.swift; sourceTree = "<group>"; };
		18E96FF722C13D8F00D29DAA /* Info.plist */ = {isa = PBXFileReference; lastKnownFileType = text.plist.xml; path = Info.plist; sourceTree = "<group>"; };
/* End PBXFileReference section */

/* Begin PBXFrameworksBuildPhase section */
		18E96FCF22C13D8B00D29DAA /* Frameworks */ = {
			isa = PBXFrameworksBuildPhase;
			buildActionMask = 2147483647;
			files = (
			);
			runOnlyForDeploymentPostprocessing = 0;
		};
		18E96FE322C13D8F00D29DAA /* Frameworks */ = {
			isa = PBXFrameworksBuildPhase;
			buildActionMask = 2147483647;
			files = (
			);
			runOnlyForDeploymentPostprocessing = 0;
		};
		18E96FEE22C13D8F00D29DAA /* Frameworks */ = {
			isa = PBXFrameworksBuildPhase;
			buildActionMask = 2147483647;
			files = (
			);
			runOnlyForDeploymentPostprocessing = 0;
		};
/* End PBXFrameworksBuildPhase section */

/* Begin PBXGroup section */
		18E96FC922C13D8B00D29DAA = {
			isa = PBXGroup;
			children = (
				18E96FD422C13D8B00D29DAA /* cameraPractice */,
				18E96FE922C13D8F00D29DAA /* cameraPracticeTests */,
				18E96FF422C13D8F00D29DAA /* cameraPracticeUITests */,
				18E96FD322C13D8B00D29DAA /* Products */,
			);
			sourceTree = "<group>";
		};
		18E96FD322C13D8B00D29DAA /* Products */ = {
			isa = PBXGroup;
			children = (
				18E96FD222C13D8B00D29DAA /* cameraPractice.app */,
				18E96FE622C13D8F00D29DAA /* cameraPracticeTests.xctest */,
				18E96FF122C13D8F00D29DAA /* cameraPracticeUITests.xctest */,
			);
			name = Products;
			sourceTree = "<group>";
		};
		18E96FD422C13D8B00D29DAA /* cameraPractice */ = {
			isa = PBXGroup;
			children = (
				18E96FD522C13D8B00D29DAA /* AppDelegate.swift */,
				18E96FD722C13D8B00D29DAA /* ViewController.swift */,
				18E96FD922C13D8B00D29DAA /* Main.storyboard */,
				18E96FDC22C13D8F00D29DAA /* Assets.xcassets */,
				18E96FDE22C13D8F00D29DAA /* LaunchScreen.storyboard */,
				18E96FE122C13D8F00D29DAA /* Info.plist */,
			);
			path = cameraPractice;
			sourceTree = "<group>";
		};
		18E96FE922C13D8F00D29DAA /* cameraPracticeTests */ = {
			isa = PBXGroup;
			children = (
				18E96FEA22C13D8F00D29DAA /* cameraPracticeTests.swift */,
				18E96FEC22C13D8F00D29DAA /* Info.plist */,
			);
			path = cameraPracticeTests;
			sourceTree = "<group>";
		};
		18E96FF422C13D8F00D29DAA /* cameraPracticeUITests */ = {
			isa = PBXGroup;
			children = (
				18E96FF522C13D8F00D29DAA /* cameraPracticeUITests.swift */,
				18E96FF722C13D8F00D29DAA /* Info.plist */,
			);
			path = cameraPracticeUITests;
			sourceTree = "<group>";
		};
/* End PBXGroup section */

/* Begin PBXNativeTarget section */
		18E96FD122C13D8B00D29DAA /* cameraPractice */ = {
			isa = PBXNativeTarget;
			buildConfigurationList = 18E96FFA22C13D8F00D29DAA /* Build configuration list for PBXNativeTarget "cameraPractice" */;
			buildPhases = (
				18E96FCE22C13D8B00D29DAA /* Sources */,
				18E96FCF22C13D8B00D29DAA /* Frameworks */,
				18E96FD022C13D8B00D29DAA /* Resources */,
			);
			buildRules = (
			);
			dependencies = (
			);
			name = cameraPractice;
			productName = cameraPractice;
			productReference = 18E96FD222C13D8B00D29DAA /* cameraPractice.app */;
			productType = "com.apple.product-type.application";
		};
		18E96FE522C13D8F00D29DAA /* cameraPracticeTests */ = {
			isa = PBXNativeTarget;
			buildConfigurationList = 18E96FFD22C13D8F00D29DAA /* Build configuration list for PBXNativeTarget "cameraPracticeTests" */;
			buildPhases = (
				18E96FE222C13D8F00D29DAA /* Sources */,
				18E96FE322C13D8F00D29DAA /* Frameworks */,
				18E96FE422C13D8F00D29DAA /* Resources */,
			);
			buildRules = (
			);
			dependencies = (
				18E96FE822C13D8F00D29DAA /* PBXTargetDependency */,
			);
			name = cameraPracticeTests;
			productName = cameraPracticeTests;
			productReference = 18E96FE622C13D8F00D29DAA /* cameraPracticeTests.xctest */;
			productType = "com.apple.product-type.bundle.unit-test";
		};
		18E96FF022C13D8F00D29DAA /* cameraPracticeUITests */ = {
			isa = PBXNativeTarget;
			buildConfigurationList = 18E9700022C13D8F00D29DAA /* Build configuration list for PBXNativeTarget "cameraPracticeUITests" */;
			buildPhases = (
				18E96FED22C13D8F00D29DAA /* Sources */,
				18E96FEE22C13D8F00D29DAA /* Frameworks */,
				18E96FEF22C13D8F00D29DAA /* Resources */,
			);
			buildRules = (
			);
			dependencies = (
				18E96FF322C13D8F00D29DAA /* PBXTargetDependency */,
			);
			name = cameraPracticeUITests;
			productName = cameraPracticeUITests;
			productReference = 18E96FF122C13D8F00D29DAA /* cameraPracticeUITests.xctest */;
			productType = "com.apple.product-type.bundle.ui-testing";
		};
/* End PBXNativeTarget section */

/* Begin PBXProject section */
		18E96FCA22C13D8B00D29DAA /* Project object */ = {
			isa = PBXProject;
			attributes = {
				LastSwiftUpdateCheck = 1020;
				LastUpgradeCheck = 1020;
				ORGANIZATIONNAME = Apple;
				TargetAttributes = {
					18E96FD122C13D8B00D29DAA = {
						CreatedOnToolsVersion = 10.2.1;
					};
					18E96FE522C13D8F00D29DAA = {
						CreatedOnToolsVersion = 10.2.1;
						TestTargetID = 18E96FD122C13D8B00D29DAA;
					};
					18E96FF022C13D8F00D29DAA = {
						CreatedOnToolsVersion = 10.2.1;
						TestTargetID = 18E96FD122C13D8B00D29DAA;
					};
				};
			};
			buildConfigurationList = 18E96FCD22C13D8B00D29DAA /* Build configuration list for PBXProject "cameraPractice" */;
			compatibilityVersion = "Xcode 9.3";
			developmentRegion = en;
			hasScannedForEncodings = 0;
			knownRegions = (
				en,
				Base,
			);
			mainGroup = 18E96FC922C13D8B00D29DAA;
			productRefGroup = 18E96FD322C13D8B00D29DAA /* Products */;
			projectDirPath = "";
			projectRoot = "";
			targets = (
				18E96FD122C13D8B00D29DAA /* cameraPractice */,
				18E96FE522C13D8F00D29DAA /* cameraPracticeTests */,
				18E96FF022C13D8F00D29DAA /* cameraPracticeUITests */,
			);
		};
/* End PBXProject section */

/* Begin PBXResourcesBuildPhase section */
		18E96FD022C13D8B00D29DAA /* Resources */ = {
			isa = PBXResourcesBuildPhase;
			buildActionMask = 2147483647;
			files = (
				18E96FE022C13D8F00D29DAA /* LaunchScreen.storyboard in Resources */,
				18E96FDD22C13D8F00D29DAA /* Assets.xcassets in Resources */,
				18E96FDB22C13D8B00D29DAA /* Main.storyboard in Resources */,
			);
			runOnlyForDeploymentPostprocessing = 0;
		};
		18E96FE422C13D8F00D29DAA /* Resources */ = {
			isa = PBXResourcesBuildPhase;
			buildActionMask = 2147483647;
			files = (
			);
			runOnlyForDeploymentPostprocessing = 0;
		};
		18E96FEF22C13D8F00D29DAA /* Resources */ = {
			isa = PBXResourcesBuildPhase;
			buildActionMask = 2147483647;
			files = (
			);
			runOnlyForDeploymentPostprocessing = 0;
		};
/* End PBXResourcesBuildPhase section */

/* Begin PBXSourcesBuildPhase section */
		18E96FCE22C13D8B00D29DAA /* Sources */ = {
			isa = PBXSourcesBuildPhase;
			buildActionMask = 2147483647;
			files = (
				18E96FD822C13D8B00D29DAA /* ViewController.swift in Sources */,
				18E96FD622C13D8B00D29DAA /* AppDelegate.swift in Sources */,
			);
			runOnlyForDeploymentPostprocessing = 0;
		};
		18E96FE222C13D8F00D29DAA /* Sources */ = {
			isa = PBXSourcesBuildPhase;
			buildActionMask = 2147483647;
			files = (
				18E96FEB22C13D8F00D29DAA /* cameraPracticeTests.swift in Sources */,
			);
			runOnlyForDeploymentPostprocessing = 0;
		};
		18E96FED22C13D8F00D29DAA /* Sources */ = {
			isa = PBXSourcesBuildPhase;
			buildActionMask = 2147483647;
			files = (
				18E96FF622C13D8F00D29DAA /* cameraPracticeUITests.swift in Sources */,
			);
			runOnlyForDeploymentPostprocessing = 0;
		};
/* End PBXSourcesBuildPhase section */

/* Begin PBXTargetDependency section */
		18E96FE822C13D8F00D29DAA /* PBXTargetDependency */ = {
			isa = PBXTargetDependency;
			target = 18E96FD122C13D8B00D29DAA /* cameraPractice */;
			targetProxy = 18E96FE722C13D8F00D29DAA /* PBXContainerItemProxy */;
		};
		18E96FF322C13D8F00D29DAA /* PBXTargetDependency */ = {
			isa = PBXTargetDependency;
			target = 18E96FD122C13D8B00D29DAA /* cameraPractice */;
			targetProxy = 18E96FF222C13D8F00D29DAA /* PBXContainerItemProxy */;
		};
/* End PBXTargetDependency section */

/* Begin PBXVariantGroup section */
		18E96FD922C13D8B00D29DAA /* Main.storyboard */ = {
			isa = PBXVariantGroup;
			children = (
				18E96FDA22C13D8B00D29DAA /* Base */,
			);
			name = Main.storyboard;
			sourceTree = "<group>";
		};
		18E96FDE22C13D8F00D29DAA /* LaunchScreen.storyboard */ = {
			isa = PBXVariantGroup;
			children = (
				18E96FDF22C13D8F00D29DAA /* Base */,
			);
			name = LaunchScreen.storyboard;
			sourceTree = "<group>";
		};
/* End PBXVariantGroup section */

/* Begin XCBuildConfiguration section */
		18E96FF822C13D8F00D29DAA /* Debug */ = {
			isa = XCBuildConfiguration;
			buildSettings = {
				ALWAYS_SEARCH_USER_PATHS = NO;
				CLANG_ANALYZER_NONNULL = YES;
				CLANG_ANALYZER_NUMBER_OBJECT_CONVERSION = YES_AGGRESSIVE;
				CLANG_CXX_LANGUAGE_STANDARD = "gnu++14";
				CLANG_CXX_LIBRARY = "libc++";
				CLANG_ENABLE_MODULES = YES;
				CLANG_ENABLE_OBJC_ARC = YES;
				CLANG_ENABLE_OBJC_WEAK = YES;
				CLANG_WARN_BLOCK_CAPTURE_AUTORELEASING = YES;
				CLANG_WARN_BOOL_CONVERSION = YES;
				CLANG_WARN_COMMA = YES;
				CLANG_WARN_CONSTANT_CONVERSION = YES;
				CLANG_WARN_DEPRECATED_OBJC_IMPLEMENTATIONS = YES;
				CLANG_WARN_DIRECT_OBJC_ISA_USAGE = YES_ERROR;
				CLANG_WARN_DOCUMENTATION_COMMENTS = YES;
				CLANG_WARN_EMPTY_BODY = YES;
				CLANG_WARN_ENUM_CONVERSION = YES;
				CLANG_WARN_INFINITE_RECURSION = YES;
				CLANG_WARN_INT_CONVERSION = YES;
				CLANG_WARN_NON_LITERAL_NULL_CONVERSION = YES;
				CLANG_WARN_OBJC_IMPLICIT_RETAIN_SELF = YES;
				CLANG_WARN_OBJC_LITERAL_CONVERSION = YES;
				CLANG_WARN_OBJC_ROOT_CLASS = YES_ERROR;
				CLANG_WARN_RANGE_LOOP_ANALYSIS = YES;
				CLANG_WARN_STRICT_PROTOTYPES = YES;
				CLANG_WARN_SUSPICIOUS_MOVE = YES;
				CLANG_WARN_UNGUARDED_AVAILABILITY = YES_AGGRESSIVE;
				CLANG_WARN_UNREACHABLE_CODE = YES;
				CLANG_WARN__DUPLICATE_METHOD_MATCH = YES;
				CODE_SIGN_IDENTITY = "iPhone Developer";
				COPY_PHASE_STRIP = NO;
				DEBUG_INFORMATION_FORMAT = dwarf;
				ENABLE_STRICT_OBJC_MSGSEND = YES;
				ENABLE_TESTABILITY = YES;
				GCC_C_LANGUAGE_STANDARD = gnu11;
				GCC_DYNAMIC_NO_PIC = NO;
				GCC_NO_COMMON_BLOCKS = YES;
				GCC_OPTIMIZATION_LEVEL = 0;
				GCC_PREPROCESSOR_DEFINITIONS = (
					"DEBUG=1",
					"$(inherited)",
				);
				GCC_WARN_64_TO_32_BIT_CONVERSION = YES;
				GCC_WARN_ABOUT_RETURN_TYPE = YES_ERROR;
				GCC_WARN_UNDECLARED_SELECTOR = YES;
				GCC_WARN_UNINITIALIZED_AUTOS = YES_AGGRESSIVE;
				GCC_WARN_UNUSED_FUNCTION = YES;
				GCC_WARN_UNUSED_VARIABLE = YES;
				IPHONEOS_DEPLOYMENT_TARGET = 12.2;
				MTL_ENABLE_DEBUG_INFO = INCLUDE_SOURCE;
				MTL_FAST_MATH = YES;
				ONLY_ACTIVE_ARCH = YES;
				SDKROOT = iphoneos;
				SWIFT_ACTIVE_COMPILATION_CONDITIONS = DEBUG;
				SWIFT_OPTIMIZATION_LEVEL = "-Onone";
			};
			name = Debug;
		};
		18E96FF922C13D8F00D29DAA /* Release */ = {
			isa = XCBuildConfiguration;
			buildSettings = {
				ALWAYS_SEARCH_USER_PATHS = NO;
				CLANG_ANALYZER_NONNULL = YES;
				CLANG_ANALYZER_NUMBER_OBJECT_CONVERSION = YES_AGGRESSIVE;
				CLANG_CXX_LANGUAGE_STANDARD = "gnu++14";
				CLANG_CXX_LIBRARY = "libc++";
				CLANG_ENABLE_MODULES = YES;
				CLANG_ENABLE_OBJC_ARC = YES;
				CLANG_ENABLE_OBJC_WEAK = YES;
				CLANG_WARN_BLOCK_CAPTURE_AUTORELEASING = YES;
				CLANG_WARN_BOOL_CONVERSION = YES;
				CLANG_WARN_COMMA = YES;
				CLANG_WARN_CONSTANT_CONVERSION = YES;
				CLANG_WARN_DEPRECATED_OBJC_IMPLEMENTATIONS = YES;
				CLANG_WARN_DIRECT_OBJC_ISA_USAGE = YES_ERROR;
				CLANG_WARN_DOCUMENTATION_COMMENTS = YES;
				CLANG_WARN_EMPTY_BODY = YES;
				CLANG_WARN_ENUM_CONVERSION = YES;
				CLANG_WARN_INFINITE_RECURSION = YES;
				CLANG_WARN_INT_CONVERSION = YES;
				CLANG_WARN_NON_LITERAL_NULL_CONVERSION = YES;
				CLANG_WARN_OBJC_IMPLICIT_RETAIN_SELF = YES;
				CLANG_WARN_OBJC_LITERAL_CONVERSION = YES;
				CLANG_WARN_OBJC_ROOT_CLASS = YES_ERROR;
				CLANG_WARN_RANGE_LOOP_ANALYSIS = YES;
				CLANG_WARN_STRICT_PROTOTYPES = YES;
				CLANG_WARN_SUSPICIOUS_MOVE = YES;
				CLANG_WARN_UNGUARDED_AVAILABILITY = YES_AGGRESSIVE;
				CLANG_WARN_UNREACHABLE_CODE = YES;
				CLANG_WARN__DUPLICATE_METHOD_MATCH = YES;
				CODE_SIGN_IDENTITY = "iPhone Developer";
				COPY_PHASE_STRIP = NO;
				DEBUG_INFORMATION_FORMAT = "dwarf-with-dsym";
				ENABLE_NS_ASSERTIONS = NO;
				ENABLE_STRICT_OBJC_MSGSEND = YES;
				GCC_C_LANGUAGE_STANDARD = gnu11;
				GCC_NO_COMMON_BLOCKS = YES;
				GCC_WARN_64_TO_32_BIT_CONVERSION = YES;
				GCC_WARN_ABOUT_RETURN_TYPE = YES_ERROR;
				GCC_WARN_UNDECLARED_SELECTOR = YES;
				GCC_WARN_UNINITIALIZED_AUTOS = YES_AGGRESSIVE;
				GCC_WARN_UNUSED_FUNCTION = YES;
				GCC_WARN_UNUSED_VARIABLE = YES;
				IPHONEOS_DEPLOYMENT_TARGET = 12.2;
				MTL_ENABLE_DEBUG_INFO = NO;
				MTL_FAST_MATH = YES;
				SDKROOT = iphoneos;
				SWIFT_COMPILATION_MODE = wholemodule;
				SWIFT_OPTIMIZATION_LEVEL = "-O";
				VALIDATE_PRODUCT = YES;
			};
			name = Release;
		};
		18E96FFB22C13D8F00D29DAA /* Debug */ = {
			isa = XCBuildConfiguration;
			buildSettings = {
				ASSETCATALOG_COMPILER_APPICON_NAME = AppIcon;
				CODE_SIGN_STYLE = Automatic;
				INFOPLIST_FILE = cameraPractice/Info.plist;
				LD_RUNPATH_SEARCH_PATHS = (
					"$(inherited)",
					"@executable_path/Frameworks",
				);
				PRODUCT_BUNDLE_IDENTIFIER = TD.cameraPractice;
				PRODUCT_NAME = "$(TARGET_NAME)";
				SWIFT_VERSION = 5.0;
				TARGETED_DEVICE_FAMILY = "1,2";
			};
			name = Debug;
		};
		18E96FFC22C13D8F00D29DAA /* Release */ = {
			isa = XCBuildConfiguration;
			buildSettings = {
				ASSETCATALOG_COMPILER_APPICON_NAME = AppIcon;
				CODE_SIGN_STYLE = Automatic;
				INFOPLIST_FILE = cameraPractice/Info.plist;
				LD_RUNPATH_SEARCH_PATHS = (
					"$(inherited)",
					"@executable_path/Frameworks",
				);
				PRODUCT_BUNDLE_IDENTIFIER = TD.cameraPractice;
				PRODUCT_NAME = "$(TARGET_NAME)";
				SWIFT_VERSION = 5.0;
				TARGETED_DEVICE_FAMILY = "1,2";
			};
			name = Release;
		};
		18E96FFE22C13D8F00D29DAA /* Debug */ = {
			isa = XCBuildConfiguration;
			buildSettings = {
				ALWAYS_EMBED_SWIFT_STANDARD_LIBRARIES = YES;
				BUNDLE_LOADER = "$(TEST_HOST)";
				CODE_SIGN_STYLE = Automatic;
				INFOPLIST_FILE = cameraPracticeTests/Info.plist;
				LD_RUNPATH_SEARCH_PATHS = (
					"$(inherited)",
					"@executable_path/Frameworks",
					"@loader_path/Frameworks",
				);
				PRODUCT_BUNDLE_IDENTIFIER = TD.cameraPracticeTests;
				PRODUCT_NAME = "$(TARGET_NAME)";
				SWIFT_VERSION = 5.0;
				TARGETED_DEVICE_FAMILY = "1,2";
				TEST_HOST = "$(BUILT_PRODUCTS_DIR)/cameraPractice.app/cameraPractice";
			};
			name = Debug;
		};
		18E96FFF22C13D8F00D29DAA /* Release */ = {
			isa = XCBuildConfiguration;
			buildSettings = {
				ALWAYS_EMBED_SWIFT_STANDARD_LIBRARIES = YES;
				BUNDLE_LOADER = "$(TEST_HOST)";
				CODE_SIGN_STYLE = Automatic;
				INFOPLIST_FILE = cameraPracticeTests/Info.plist;
				LD_RUNPATH_SEARCH_PATHS = (
					"$(inherited)",
					"@executable_path/Frameworks",
					"@loader_path/Frameworks",
				);
				PRODUCT_BUNDLE_IDENTIFIER = TD.cameraPracticeTests;
				PRODUCT_NAME = "$(TARGET_NAME)";
				SWIFT_VERSION = 5.0;
				TARGETED_DEVICE_FAMILY = "1,2";
				TEST_HOST = "$(BUILT_PRODUCTS_DIR)/cameraPractice.app/cameraPractice";
			};
			name = Release;
		};
		18E9700122C13D8F00D29DAA /* Debug */ = {
			isa = XCBuildConfiguration;
			buildSettings = {
				ALWAYS_EMBED_SWIFT_STANDARD_LIBRARIES = YES;
				CODE_SIGN_STYLE = Automatic;
				INFOPLIST_FILE = cameraPracticeUITests/Info.plist;
				LD_RUNPATH_SEARCH_PATHS = (
					"$(inherited)",
					"@executable_path/Frameworks",
					"@loader_path/Frameworks",
				);
				PRODUCT_BUNDLE_IDENTIFIER = TD.cameraPracticeUITests;
				PRODUCT_NAME = "$(TARGET_NAME)";
				SWIFT_VERSION = 5.0;
				TARGETED_DEVICE_FAMILY = "1,2";
				TEST_TARGET_NAME = cameraPractice;
			};
			name = Debug;
		};
		18E9700222C13D8F00D29DAA /* Release */ = {
			isa = XCBuildConfiguration;
			buildSettings = {
				ALWAYS_EMBED_SWIFT_STANDARD_LIBRARIES = YES;
				CODE_SIGN_STYLE = Automatic;
				INFOPLIST_FILE = cameraPracticeUITests/Info.plist;
				LD_RUNPATH_SEARCH_PATHS = (
					"$(inherited)",
					"@executable_path/Frameworks",
					"@loader_path/Frameworks",
				);
				PRODUCT_BUNDLE_IDENTIFIER = TD.cameraPracticeUITests;
				PRODUCT_NAME = "$(TARGET_NAME)";
				SWIFT_VERSION = 5.0;
				TARGETED_DEVICE_FAMILY = "1,2";
				TEST_TARGET_NAME = cameraPractice;
			};
			name = Release;
		};
/* End XCBuildConfiguration section */

/* Begin XCConfigurationList section */
		18E96FCD22C13D8B00D29DAA /* Build configuration list for PBXProject "cameraPractice" */ = {
			isa = XCConfigurationList;
			buildConfigurations = (
				18E96FF822C13D8F00D29DAA /* Debug */,
				18E96FF922C13D8F00D29DAA /* Release */,
			);
			defaultConfigurationIsVisible = 0;
			defaultConfigurationName = Release;
		};
		18E96FFA22C13D8F00D29DAA /* Build configuration list for PBXNativeTarget "cameraPractice" */ = {
			isa = XCConfigurationList;
			buildConfigurations = (
				18E96FFB22C13D8F00D29DAA /* Debug */,
				18E96FFC22C13D8F00D29DAA /* Release */,
			);
			defaultConfigurationIsVisible = 0;
			defaultConfigurationName = Release;
		};
		18E96FFD22C13D8F00D29DAA /* Build configuration list for PBXNativeTarget "cameraPracticeTests" */ = {
			isa = XCConfigurationList;
			buildConfigurations = (
				18E96FFE22C13D8F00D29DAA /* Debug */,
				18E96FFF22C13D8F00D29DAA /* Release */,
			);
			defaultConfigurationIsVisible = 0;
			defaultConfigurationName = Release;
		};
		18E9700022C13D8F00D29DAA /* Build configuration list for PBXNativeTarget "cameraPracticeUITests" */ = {
			isa = XCConfigurationList;
			buildConfigurations = (
				18E9700122C13D8F00D29DAA /* Debug */,
				18E9700222C13D8F00D29DAA /* Release */,
			);
			defaultConfigurationIsVisible = 0;
			defaultConfigurationName = Release;
		};
/* End XCConfigurationList section */
	};
	rootObject = 18E96FCA22C13D8B00D29DAA /* Project object */;
}
